
Microsoft Visual Studio Solution File, Format Version 12.00
# Visual Studio Version 17
VisualStudioVersion = 17.11.35222.181
MinimumVisualStudioVersion = 10.0.40219.1
Project("{FAE04EC0-301F-11D3-BF4B-00C04F79EFBC}") = "Furniture", "Furniture\Furniture.csproj", "{5FFBA9EF-BDB5-403C-884C-35E903D89C1A}"
EndProject
Global
	GlobalSection(SolutionConfigurationPlatforms) = preSolution
		Debug|Any CPU = Debug|Any CPU
		Release|Any CPU = Release|Any CPU
	EndGlobalSection
	GlobalSection(ProjectConfigurationPlatforms) = postSolution
		{5FFBA9EF-BDB5-403C-884C-35E903D89C1A}.Debug|Any CPU.ActiveCfg = Debug|Any CPU
		{5FFBA9EF-BDB5-403C-884C-35E903D89C1A}.Debug|Any CPU.Build.0 = Debug|Any CPU
		{5FFBA9EF-BDB5-403C-884C-35E903D89C1A}.Release|Any CPU.ActiveCfg = Release|Any CPU
		{5FFBA9EF-BDB5-403C-884C-35E903D89C1A}.Release|Any CPU.Build.0 = Release|Any CPU
	EndGlobalSection
	GlobalSection(SolutionProperties) = preSolution
		HideSolutionNode = FALSE
	EndGlobalSection
	GlobalSection(ExtensibilityGlobals) = postSolution
		SolutionGuid = {78BDB684-D792-4EAD-89E7-CE7335245A86}
	EndGlobalSection
EndGlobal
